
Microsoft Visual Studio Solution File, Format Version 12.00
# Visual Studio 15
VisualStudioVersion = 15.0.27428.2015
MinimumVisualStudioVersion = 10.0.40219.1
Project("{FAE04EC0-301F-11D3-BF4B-00C04F79EFBC}") = "TelemetryTests", "TelemetryTests\TelemetryTests.csproj", "{742F94E9-B430-475D-94DA-5877959C74B5}"
EndProject
Project("{FAE04EC0-301F-11D3-BF4B-00C04F79EFBC}") = "Telemetry.Contracts", "Telemetry.Contracts\Telemetry.Contracts.csproj", "{CF90B0F0-B4E3-40EE-A8DF-90D5C0D87FE0}"
EndProject
Project("{FAE04EC0-301F-11D3-BF4B-00C04F79EFBC}") = "Telemetry.Implementation", "Telemetry.Implementation\Telemetry.Implementation.csproj", "{8CE30438-AC01-4EDC-9F76-1E82A671974B}"
EndProject
Project("{FAE04EC0-301F-11D3-BF4B-00C04F79EFBC}") = "Telemetry.Providers.ConfigFile", "Telemetry.Providers.ConfigFile\Telemetry.Providers.ConfigFile.csproj", "{EF370609-0867-45E6-8331-2BC1D2701C71}"
EndProject
Project("{2150E333-8FDC-42A3-9474-1A3956D46DE8}") = "Solution Items", "Solution Items", "{2065D606-EC56-483A-A581-3768FB3BF181}"
	ProjectSection(SolutionItems) = preProject
		TODO.txt = TODO.txt
	EndProjectSection
EndProject
Project("{FAE04EC0-301F-11D3-BF4B-00C04F79EFBC}") = "Telemetry.Web", "Telemetry.Web\Telemetry.Web.csproj", "{86AB36E2-C80C-498C-B624-20BD274C9B1C}"
EndProject
Global
	GlobalSection(SolutionConfigurationPlatforms) = preSolution
		Debug|Any CPU = Debug|Any CPU
		Release|Any CPU = Release|Any CPU
	EndGlobalSection
	GlobalSection(ProjectConfigurationPlatforms) = postSolution
		{742F94E9-B430-475D-94DA-5877959C74B5}.Debug|Any CPU.ActiveCfg = Debug|Any CPU
		{742F94E9-B430-475D-94DA-5877959C74B5}.Debug|Any CPU.Build.0 = Debug|Any CPU
		{742F94E9-B430-475D-94DA-5877959C74B5}.Release|Any CPU.ActiveCfg = Release|Any CPU
		{742F94E9-B430-475D-94DA-5877959C74B5}.Release|Any CPU.Build.0 = Release|Any CPU
		{CF90B0F0-B4E3-40EE-A8DF-90D5C0D87FE0}.Debug|Any CPU.ActiveCfg = Debug|Any CPU
		{CF90B0F0-B4E3-40EE-A8DF-90D5C0D87FE0}.Debug|Any CPU.Build.0 = Debug|Any CPU
		{CF90B0F0-B4E3-40EE-A8DF-90D5C0D87FE0}.Release|Any CPU.ActiveCfg = Release|Any CPU
		{CF90B0F0-B4E3-40EE-A8DF-90D5C0D87FE0}.Release|Any CPU.Build.0 = Release|Any CPU
		{8CE30438-AC01-4EDC-9F76-1E82A671974B}.Debug|Any CPU.ActiveCfg = Debug|Any CPU
		{8CE30438-AC01-4EDC-9F76-1E82A671974B}.Debug|Any CPU.Build.0 = Debug|Any CPU
		{8CE30438-AC01-4EDC-9F76-1E82A671974B}.Release|Any CPU.ActiveCfg = Release|Any CPU
		{8CE30438-AC01-4EDC-9F76-1E82A671974B}.Release|Any CPU.Build.0 = Release|Any CPU
		{EF370609-0867-45E6-8331-2BC1D2701C71}.Debug|Any CPU.ActiveCfg = Debug|Any CPU
		{EF370609-0867-45E6-8331-2BC1D2701C71}.Debug|Any CPU.Build.0 = Debug|Any CPU
		{EF370609-0867-45E6-8331-2BC1D2701C71}.Release|Any CPU.ActiveCfg = Release|Any CPU
		{EF370609-0867-45E6-8331-2BC1D2701C71}.Release|Any CPU.Build.0 = Release|Any CPU
		{86AB36E2-C80C-498C-B624-20BD274C9B1C}.Debug|Any CPU.ActiveCfg = Debug|Any CPU
		{86AB36E2-C80C-498C-B624-20BD274C9B1C}.Debug|Any CPU.Build.0 = Debug|Any CPU
		{86AB36E2-C80C-498C-B624-20BD274C9B1C}.Release|Any CPU.ActiveCfg = Release|Any CPU
		{86AB36E2-C80C-498C-B624-20BD274C9B1C}.Release|Any CPU.Build.0 = Release|Any CPU
	EndGlobalSection
	GlobalSection(SolutionProperties) = preSolution
		HideSolutionNode = FALSE
	EndGlobalSection
	GlobalSection(ExtensibilityGlobals) = postSolution
		SolutionGuid = {066ABB9B-A05E-4B6A-9B2C-CD2652DEB74F}
	EndGlobalSection
EndGlobal
